version: 4
environments:
  default:
    channels:
    - url: https://conda.anaconda.org/conda-forge/
    packages:
      win-64:
      - conda: https://conda.anaconda.org/conda-forge/noarch/annotated-types-0.6.0-pyhd8ed1ab_0.conda
      - conda: https://conda.anaconda.org/conda-forge/noarch/anyio-3.7.1-pyhd8ed1ab_0.conda
      - conda: https://conda.anaconda.org/conda-forge/noarch/click-8.1.7-win_pyh7428d3b_0.conda
      - conda: https://conda.anaconda.org/conda-forge/noarch/colorama-0.4.6-pyhd8ed1ab_0.tar.bz2
      - conda: https://conda.anaconda.org/conda-forge/noarch/exceptiongroup-1.2.0-pyhd8ed1ab_2.conda
      - conda: https://conda.anaconda.org/conda-forge/noarch/fastapi-0.109.2-pyhd8ed1ab_0.conda
      - conda: https://conda.anaconda.org/conda-forge/noarch/h11-0.14.0-pyhd8ed1ab_0.tar.bz2
      - conda: https://conda.anaconda.org/conda-forge/noarch/idna-3.6-pyhd8ed1ab_0.conda
      - conda: https://conda.anaconda.org/conda-forge/noarch/pydantic-2.6.1-pyhd8ed1ab_0.conda
      - conda: https://conda.anaconda.org/conda-forge/noarch/python-dotenv-1.0.1-pyhd8ed1ab_0.conda
      - conda: https://conda.anaconda.org/conda-forge/noarch/sniffio-1.3.0-pyhd8ed1ab_0.tar.bz2
      - conda: https://conda.anaconda.org/conda-forge/noarch/starlette-0.36.3-pyhd8ed1ab_0.conda
      - conda: https://conda.anaconda.org/conda-forge/noarch/typing-extensions-4.9.0-hd8ed1ab_0.conda
      - conda: https://conda.anaconda.org/conda-forge/noarch/typing_extensions-4.9.0-pyha770c72_0.conda
      - conda: https://conda.anaconda.org/conda-forge/noarch/tzdata-2024a-h0c530f3_0.conda
      - conda: https://conda.anaconda.org/conda-forge/win-64/bzip2-1.0.8-hcfcfb64_5.conda
      - conda: https://conda.anaconda.org/conda-forge/win-64/ca-certificates-2024.2.2-h56e8100_0.conda
      - conda: https://conda.anaconda.org/conda-forge/win-64/httptools-0.6.1-py312he70551f_0.conda
      - conda: https://conda.anaconda.org/conda-forge/win-64/libexpat-2.5.0-h63175ca_1.conda
      - conda: https://conda.anaconda.org/conda-forge/win-64/libffi-3.4.2-h8ffe710_5.tar.bz2
      - conda: https://conda.anaconda.org/conda-forge/win-64/libsqlite-3.45.1-hcfcfb64_0.conda
      - conda: https://conda.anaconda.org/conda-forge/win-64/libzlib-1.2.13-hcfcfb64_5.conda
      - conda: https://conda.anaconda.org/conda-forge/win-64/nodejs-20.9.0-h57928b3_0.conda
      - conda: https://conda.anaconda.org/conda-forge/win-64/openssl-3.2.1-hcfcfb64_0.conda
      - conda: https://conda.anaconda.org/conda-forge/win-64/pydantic-core-2.16.2-py312hfccd98a_1.conda
      - conda: https://conda.anaconda.org/conda-forge/win-64/python-3.12.1-h2628c8c_1_cpython.conda
      - conda: https://conda.anaconda.org/conda-forge/win-64/python_abi-3.12-4_cp312.conda
      - conda: https://conda.anaconda.org/conda-forge/win-64/pyyaml-6.0.1-py312he70551f_1.conda
      - conda: https://conda.anaconda.org/conda-forge/win-64/tk-8.6.13-h5226925_1.conda
      - conda: https://conda.anaconda.org/conda-forge/win-64/ucrt-10.0.22621.0-h57928b3_0.tar.bz2
      - conda: https://conda.anaconda.org/conda-forge/win-64/uvicorn-0.27.1-py312h2e8e312_0.conda
      - conda: https://conda.anaconda.org/conda-forge/win-64/uvicorn-standard-0.27.1-h2e8e312_0.conda
      - conda: https://conda.anaconda.org/conda-forge/win-64/vc-14.3-hcf57466_18.conda
      - conda: https://conda.anaconda.org/conda-forge/win-64/vc14_runtime-14.38.33130-h82b7239_18.conda
      - conda: https://conda.anaconda.org/conda-forge/win-64/vs2015_runtime-14.38.33130-hcb4865c_18.conda
      - conda: https://conda.anaconda.org/conda-forge/win-64/watchfiles-0.21.0-py312hfccd98a_0.conda
      - conda: https://conda.anaconda.org/conda-forge/win-64/websockets-12.0-py312he70551f_0.conda
      - conda: https://conda.anaconda.org/conda-forge/win-64/xz-5.2.6-h8d14728_0.tar.bz2
      - conda: https://conda.anaconda.org/conda-forge/win-64/yaml-0.2.5-h8ffe710_2.tar.bz2
packages:
- kind: conda
  name: annotated-types
  version: 0.6.0
  build: pyhd8ed1ab_0
  subdir: noarch
  noarch: python
  url: https://conda.anaconda.org/conda-forge/noarch/annotated-types-0.6.0-pyhd8ed1ab_0.conda
  sha256: 3a2c98154d95cfd54daba6b7d507d31f5ba07ac2ad955c44eb041b66563193cd
  md5: 997c29372bdbe2afee073dff71f35923
  depends:
  - python >=3.7
  - typing-extensions >=4.0.0
  license: MIT
  license_family: MIT
  size: 17026
  timestamp: 1696634393637
- kind: conda
  name: anyio
  version: 3.7.1
  build: pyhd8ed1ab_0
  subdir: noarch
  noarch: python
  url: https://conda.anaconda.org/conda-forge/noarch/anyio-3.7.1-pyhd8ed1ab_0.conda
  sha256: 62637ac498bcf47783cbf4f48e9b09e4e2f5a6ad42f43ca8f632c353827b94f4
  md5: 7b517e7a6f0790337906c055aa97ca49
  depends:
  - exceptiongroup
  - idna >=2.8
  - python >=3.7
  - sniffio >=1.1
  - typing_extensions
  constrains:
  - trio >=0.16,<0.22
  license: MIT
  license_family: MIT
  size: 96707
  timestamp: 1688651250785
- kind: conda
  name: bzip2
  version: 1.0.8
  build: hcfcfb64_5
  build_number: 5
  subdir: win-64
  url: https://conda.anaconda.org/conda-forge/win-64/bzip2-1.0.8-hcfcfb64_5.conda
  sha256: ae5f47a5c86fd6db822931255dcf017eb12f60c77f07dc782ccb477f7808aab2
  md5: 26eb8ca6ea332b675e11704cce84a3be
  depends:
  - ucrt >=10.0.20348.0
  - vc >=14.2,<15
  - vc14_runtime >=14.29.30139
  license: bzip2-1.0.6
  license_family: BSD
  size: 124580
  timestamp: 1699280668742
- kind: conda
  name: ca-certificates
  version: 2024.2.2
  build: h56e8100_0
  subdir: win-64
  url: https://conda.anaconda.org/conda-forge/win-64/ca-certificates-2024.2.2-h56e8100_0.conda
  sha256: 4d587088ecccd393fec3420b64f1af4ee1a0e6897a45cfd5ef38055322cea5d0
  md5: 63da060240ab8087b60d1357051ea7d6
  license: ISC
  size: 155886
  timestamp: 1706843918052
- kind: conda
  name: click
  version: 8.1.7
  build: win_pyh7428d3b_0
  subdir: noarch
  noarch: python
  url: https://conda.anaconda.org/conda-forge/noarch/click-8.1.7-win_pyh7428d3b_0.conda
  sha256: 90236b113b9a20041736e80b80ee965167f9aac0468315c55e2bad902d673fb0
  md5: 3549ecbceb6cd77b91a105511b7d0786
  depends:
  - __win
  - colorama
  - python >=3.8
  license: BSD-3-Clause
  license_family: BSD
  size: 85051
  timestamp: 1692312207348
- kind: conda
  name: colorama
  version: 0.4.6
  build: pyhd8ed1ab_0
  subdir: noarch
  noarch: python
  url: https://conda.anaconda.org/conda-forge/noarch/colorama-0.4.6-pyhd8ed1ab_0.tar.bz2
  sha256: 2c1b2e9755ce3102bca8d69e8f26e4f087ece73f50418186aee7c74bef8e1698
  md5: 3faab06a954c2a04039983f2c4a50d99
  depends:
  - python >=3.7
  license: BSD-3-Clause
  license_family: BSD
  size: 25170
  timestamp: 1666700778190
- kind: conda
  name: exceptiongroup
  version: 1.2.0
  build: pyhd8ed1ab_2
  build_number: 2
  subdir: noarch
  noarch: python
  url: https://conda.anaconda.org/conda-forge/noarch/exceptiongroup-1.2.0-pyhd8ed1ab_2.conda
  sha256: a6ae416383bda0e3ed14eaa187c653e22bec94ff2aa3b56970cdf0032761e80d
  md5: 8d652ea2ee8eaee02ed8dc820bc794aa
  depends:
  - python >=3.7
  license: MIT and PSF-2.0
  size: 20551
  timestamp: 1704921321122
- kind: conda
  name: fastapi
  version: 0.109.2
  build: pyhd8ed1ab_0
  subdir: noarch
  noarch: python
  url: https://conda.anaconda.org/conda-forge/noarch/fastapi-0.109.2-pyhd8ed1ab_0.conda
  sha256: 127b5e214b3edd68f285010033e9e5a79b205bfe83889c9ad197a9073f8098f0
  md5: 97e53f257c3f979a1081f9071891e926
  depends:
  - anyio >=3.7.1,<4.0.0
  - pydantic >=1.7.4,!=1.8,!=1.8.1,!=2.0.0,!=2.0.1,!=2.1.0,<3.0.0
  - python >=3.8
  - starlette >=0.36.3,<0.37.0
  - typing-extensions >=4.8.0
  license: MIT
  license_family: MIT
  size: 70363
  timestamp: 1707153188933
- kind: conda
  name: h11
  version: 0.14.0
  build: pyhd8ed1ab_0
  subdir: noarch
  noarch: python
  url: https://conda.anaconda.org/conda-forge/noarch/h11-0.14.0-pyhd8ed1ab_0.tar.bz2
  sha256: 817d2c77d53afe3f3d9cf7f6eb8745cdd8ea76c7adaa9d7ced75c455a2c2c085
  md5: b21ed0883505ba1910994f1df031a428
  depends:
  - python >=3
  - typing_extensions
  license: MIT
  license_family: MIT
  size: 48251
  timestamp: 1664132995560
- kind: conda
  name: httptools
  version: 0.6.1
  build: py312he70551f_0
  subdir: win-64
  url: https://conda.anaconda.org/conda-forge/win-64/httptools-0.6.1-py312he70551f_0.conda
  sha256: 23b44bd6c4054c495fe12b6bbafa9c7ed18058c59ef70cfbe450f1a9b5c31843
  md5: b1fafe6b65cb0e2a6daeb76a96dd3a50
  depends:
  - python >=3.12,<3.13.0a0
  - python_abi 3.12.* *_cp312
  - ucrt >=10.0.20348.0
  - vc >=14.2,<15
  - vc14_runtime >=14.29.30139
  license: MIT
  license_family: MIT
  size: 51429
  timestamp: 1697486139267
- kind: conda
  name: idna
  version: '3.6'
  build: pyhd8ed1ab_0
  subdir: noarch
  noarch: python
  url: https://conda.anaconda.org/conda-forge/noarch/idna-3.6-pyhd8ed1ab_0.conda
  sha256: 6ee4c986d69ce61e60a20b2459b6f2027baeba153f0a64995fd3cb47c2cc7e07
  md5: 1a76f09108576397c41c0b0c5bd84134
  depends:
  - python >=3.6
  license: BSD-3-Clause
  license_family: BSD
  size: 50124
  timestamp: 1701027126206
- kind: conda
  name: libexpat
  version: 2.5.0
  build: h63175ca_1
  build_number: 1
  subdir: win-64
  url: https://conda.anaconda.org/conda-forge/win-64/libexpat-2.5.0-h63175ca_1.conda
  sha256: 794b2a9be72f176a2767c299574d330ffb76b2ed75d7fd20bee3bbadce5886cf
  md5: 636cc3cbbd2e28bcfd2f73b2044aac2c
  constrains:
  - expat 2.5.0.*
  license: MIT
  license_family: MIT
  size: 138689
  timestamp: 1680190844101
- kind: conda
  name: libffi
  version: 3.4.2
  build: h8ffe710_5
  build_number: 5
  subdir: win-64
  url: https://conda.anaconda.org/conda-forge/win-64/libffi-3.4.2-h8ffe710_5.tar.bz2
  sha256: 1951ab740f80660e9bc07d2ed3aefb874d78c107264fd810f24a1a6211d4b1a5
  md5: 2c96d1b6915b408893f9472569dee135
  depends:
  - vc >=14.1,<15.0a0
  - vs2015_runtime >=14.16.27012
  license: MIT
  license_family: MIT
  size: 42063
  timestamp: 1636489106777
- kind: conda
  name: libsqlite
  version: 3.45.1
  build: hcfcfb64_0
  subdir: win-64
  url: https://conda.anaconda.org/conda-forge/win-64/libsqlite-3.45.1-hcfcfb64_0.conda
  sha256: e1010f4ac7b056d85d91e6cb6137ef118f920eba88059261689e543780b230df
  md5: c583c1d6999b7aa148eff3089e13c44b
  depends:
  - ucrt >=10.0.20348.0
  - vc >=14.2,<15
  - vc14_runtime >=14.29.30139
  license: Unlicense
  size: 870045
  timestamp: 1707495642340
- kind: conda
  name: libzlib
  version: 1.2.13
  build: hcfcfb64_5
  build_number: 5
  subdir: win-64
  url: https://conda.anaconda.org/conda-forge/win-64/libzlib-1.2.13-hcfcfb64_5.conda
  sha256: c161822ee8130b71e08b6d282b9919c1de2c5274b29921a867bca0f7d30cad26
  md5: 5fdb9c6a113b6b6cb5e517fd972d5f41
  depends:
  - ucrt >=10.0.20348.0
  - vc >=14.2,<15
  - vc14_runtime >=14.29.30139
  constrains:
  - zlib 1.2.13 *_5
  license: Zlib
  license_family: Other
  size: 55800
  timestamp: 1686575452215
- kind: conda
  name: nodejs
  version: 20.9.0
  build: h57928b3_0
  subdir: win-64
  url: https://conda.anaconda.org/conda-forge/win-64/nodejs-20.9.0-h57928b3_0.conda
  sha256: 7ec505ac95df1847bd0065ae587a4fd176a23e4ddccda246113e0b5426a8469e
  md5: 97d4628e7c293eb10516d35c6fb3c7e5
  license: MIT
  license_family: MIT
  size: 22600407
  timestamp: 1700384957633
- kind: conda
  name: openssl
  version: 3.2.1
  build: hcfcfb64_0
  subdir: win-64
  url: https://conda.anaconda.org/conda-forge/win-64/openssl-3.2.1-hcfcfb64_0.conda
  sha256: 1df1c43136f863d5e9ba20b703001caf9a4d0ea56bdc3eeb948c977e3d4f91d3
  md5: 158df8eead8092cf0e27167c8761a8dd
  depends:
  - ca-certificates
  - ucrt >=10.0.20348.0
  - vc >=14.2,<15
  - vc14_runtime >=14.29.30139
  constrains:
  - pyopenssl >=22.1
  license: Apache-2.0
  license_family: Apache
  size: 8229619
  timestamp: 1706638014697
- kind: conda
  name: pydantic
  version: 2.6.1
  build: pyhd8ed1ab_0
  subdir: noarch
  noarch: python
  url: https://conda.anaconda.org/conda-forge/noarch/pydantic-2.6.1-pyhd8ed1ab_0.conda
  sha256: 27083637287bb08a93e28616b5030f5eab31deb83d16fc132901ada987a62cfa
  md5: 3b1698c91820d852d802fc21471f52d8
  depends:
  - annotated-types >=0.4.0
  - pydantic-core 2.16.2
  - python >=3.7
  - typing-extensions >=4.6.1
  license: MIT
  license_family: MIT
  size: 271768
  timestamp: 1707149490082
- kind: conda
  name: pydantic-core
  version: 2.16.2
  build: py312hfccd98a_1
  build_number: 1
  subdir: win-64
  url: https://conda.anaconda.org/conda-forge/win-64/pydantic-core-2.16.2-py312hfccd98a_1.conda
  sha256: b96af47c517a8469acee3e635e50e09309f24b33f8b9f865dcde26147b95b113
  md5: f7b0977820d557788af95bc0fdae639c
  depends:
  - python >=3.12,<3.13.0a0
  - python_abi 3.12.* *_cp312
  - typing-extensions >=4.6.0,!=4.7.0
  - ucrt >=10.0.20348.0
  - vc >=14.2,<15
  - vc14_runtime >=14.29.30139
  license: MIT
  license_family: MIT
  size: 1629718
  timestamp: 1707302883490
- kind: conda
  name: python
  version: 3.12.1
  build: h2628c8c_1_cpython
  build_number: 1
  subdir: win-64
  url: https://conda.anaconda.org/conda-forge/win-64/python-3.12.1-h2628c8c_1_cpython.conda
  sha256: e3c4d9a961dac0e15b501144b333ede8515bff83aec51f4815c575311053352f
  md5: 19f49a5c0aea545792ad88bb40dc1ec9
  depends:
  - bzip2 >=1.0.8,<2.0a0
  - libexpat >=2.5.0,<3.0a0
  - libffi >=3.4,<4.0a0
  - libsqlite >=3.44.2,<4.0a0
  - libzlib >=1.2.13,<1.3.0a0
  - openssl >=3.2.0,<4.0a0
  - tk >=8.6.13,<8.7.0a0
  - tzdata
  - ucrt >=10.0.20348.0
  - vc >=14.2,<15
  - vc14_runtime >=14.29.30139
  - xz >=5.2.6,<6.0a0
  constrains:
  - python_abi 3.12.* *_cp312
  license: Python-2.0
  size: 16082514
  timestamp: 1703318525844
- kind: conda
  name: python-dotenv
  version: 1.0.1
  build: pyhd8ed1ab_0
  subdir: noarch
  noarch: python
  url: https://conda.anaconda.org/conda-forge/noarch/python-dotenv-1.0.1-pyhd8ed1ab_0.conda
  sha256: 2d4c80364f03315d606a50eddd493dbacc078e21412c2462c0f781eec49b572c
  md5: c2997ea9360ac4e015658804a7a84f94
  depends:
  - python >=3.8
  license: BSD-3-Clause
  license_family: BSD
  size: 24278
  timestamp: 1706018281544
- kind: conda
  name: python_abi
  version: '3.12'
  build: 4_cp312
  build_number: 4
  subdir: win-64
  url: https://conda.anaconda.org/conda-forge/win-64/python_abi-3.12-4_cp312.conda
  sha256: 488f8519d04b48f59bd6fde21ebe2d7a527718ff28aac86a8b53aa63658bdef6
  md5: 17f4ccf6be9ded08bd0a376f489ac1a6
  constrains:
  - python 3.12.* *_cpython
  license: BSD-3-Clause
  license_family: BSD
  size: 6785
  timestamp: 1695147430513
- kind: conda
  name: pyyaml
  version: 6.0.1
  build: py312he70551f_1
  build_number: 1
  subdir: win-64
  url: https://conda.anaconda.org/conda-forge/win-64/pyyaml-6.0.1-py312he70551f_1.conda
  sha256: a72fa8152791b4738432f270e70b3a9a4d583ef059a78aa1c62f4b4ab7b15494
  md5: f91e0baa89ba21166916624ba7bfb422
  depends:
  - python >=3.12.0rc3,<3.13.0a0
  - python_abi 3.12.* *_cp312
  - ucrt >=10.0.20348.0
  - vc >=14.2,<15
  - vc14_runtime >=14.29.30139
  - yaml >=0.2.5,<0.3.0a0
  license: MIT
  license_family: MIT
  size: 167932
  timestamp: 1695374097139
- kind: conda
  name: sniffio
  version: 1.3.0
  build: pyhd8ed1ab_0
  subdir: noarch
  noarch: python
  url: https://conda.anaconda.org/conda-forge/noarch/sniffio-1.3.0-pyhd8ed1ab_0.tar.bz2
  sha256: a3fd30754c20ddb28b777db38345ea00d958f46701f0decd6291a81c0f4eee78
  md5: dd6cbc539e74cb1f430efbd4575b9303
  depends:
  - python >=3.7
  license: Apache-2.0
  license_family: Apache
  size: 14358
  timestamp: 1662051357638
- kind: conda
  name: starlette
  version: 0.36.3
  build: pyhd8ed1ab_0
  subdir: noarch
  noarch: python
  url: https://conda.anaconda.org/conda-forge/noarch/starlette-0.36.3-pyhd8ed1ab_0.conda
  sha256: ecc5b6100a1b2c54d3186c975d5a5b2e3a6a7b195fabe7d8f91c7da2ff05b0ba
  md5: a5abb99f4c89c4c81e0f24715af8b17a
  depends:
  - anyio <5,>=3.4.0
  - python >=3.8
  - typing_extensions >=3.10.0
  license: BSD-3-Clause
  license_family: BSD
  size: 57674
  timestamp: 1707150150407
- kind: conda
  name: tk
  version: 8.6.13
  build: h5226925_1
  build_number: 1
  subdir: win-64
  url: https://conda.anaconda.org/conda-forge/win-64/tk-8.6.13-h5226925_1.conda
  sha256: 2c4e914f521ccb2718946645108c9bd3fc3216ba69aea20c2c3cedbd8db32bb1
  md5: fc048363eb8f03cd1737600a5d08aafe
  depends:
  - ucrt >=10.0.20348.0
  - vc >=14.2,<15
  - vc14_runtime >=14.29.30139
  license: TCL
  license_family: BSD
  size: 3503410
  timestamp: 1699202577803
- kind: conda
  name: typing-extensions
  version: 4.9.0
  build: hd8ed1ab_0
  subdir: noarch
  noarch: python
  url: https://conda.anaconda.org/conda-forge/noarch/typing-extensions-4.9.0-hd8ed1ab_0.conda
  sha256: d795c1eb1db4ea147f01ece74e5a504d7c2e8d5ee8c11ec987884967dd938f9c
  md5: c16524c1b7227dc80b36b4fa6f77cc86
  depends:
  - typing_extensions 4.9.0 pyha770c72_0
  license: PSF-2.0
  license_family: PSF
  size: 10191
  timestamp: 1702176301116
- kind: conda
  name: typing_extensions
  version: 4.9.0
  build: pyha770c72_0
  subdir: noarch
  noarch: python
  url: https://conda.anaconda.org/conda-forge/noarch/typing_extensions-4.9.0-pyha770c72_0.conda
  sha256: f3c5be8673bfd905c4665efcb27fa50192f24f84fa8eff2f19cba5d09753d905
  md5: a92a6440c3fe7052d63244f3aba2a4a7
  depends:
  - python >=3.8
  license: PSF-2.0
  license_family: PSF
  size: 36058
  timestamp: 1702176292645
- kind: conda
  name: tzdata
  version: 2024a
  build: h0c530f3_0
  subdir: noarch
  noarch: generic
  url: https://conda.anaconda.org/conda-forge/noarch/tzdata-2024a-h0c530f3_0.conda
  sha256: 7b2b69c54ec62a243eb6fba2391b5e443421608c3ae5dbff938ad33ca8db5122
  md5: 161081fc7cec0bfda0d86d7cb595f8d8
  license: LicenseRef-Public-Domain
  size: 119815
  timestamp: 1706886945727
- kind: conda
  name: ucrt
  version: 10.0.22621.0
  build: h57928b3_0
  subdir: win-64
  url: https://conda.anaconda.org/conda-forge/win-64/ucrt-10.0.22621.0-h57928b3_0.tar.bz2
  sha256: f29cdaf8712008f6b419b8b1a403923b00ab2504bfe0fb2ba8eb60e72d4f14c6
  md5: 72608f6cd3e5898229c3ea16deb1ac43
  constrains:
  - vs2015_runtime >=14.29.30037
  license: LicenseRef-Proprietary
  license_family: PROPRIETARY
  size: 1283972
  timestamp: 1666630199266
- kind: conda
  name: uvicorn
  version: 0.27.1
  build: py312h2e8e312_0
  subdir: win-64
  url: https://conda.anaconda.org/conda-forge/win-64/uvicorn-0.27.1-py312h2e8e312_0.conda
  sha256: 9ef339c3de0a5dc7e4cd4b543f7f41f488c805610c32a4f81eba3066c02d153b
  md5: 0ca59f513254cbcf94c9de046f38edeb
  depends:
  - click >=7.0
  - h11 >=0.8
  - python >=3.12,<3.13.0a0
  - python_abi 3.12.* *_cp312
  license: BSD-3-Clause
  license_family: BSD
  size: 144172
  timestamp: 1707598140452
- kind: conda
  name: uvicorn-standard
  version: 0.27.1
  build: h2e8e312_0
  subdir: win-64
  url: https://conda.anaconda.org/conda-forge/win-64/uvicorn-standard-0.27.1-h2e8e312_0.conda
  sha256: f3a5b5a5dc229ae648dddcca3122d41c255c1d6fdccc894c27de1b7db768b3bc
  md5: 11b1365bb4de0a4e5712878ee2e7a8f8
  depends:
  - colorama >=0.4
  - httptools >=0.5.0
  - python-dotenv >=0.13
  - python_abi 3.12.* *_cp312
  - pyyaml >=5.1
  - uvicorn 0.27.1 py312h2e8e312_0
  - watchfiles >=0.13
  - websockets >=10.4
  license: BSD-3-Clause
  license_family: BSD
  size: 7685
  timestamp: 1707598174532
- kind: conda
  name: vc
  version: '14.3'
  build: hcf57466_18
  build_number: 18
  subdir: win-64
  url: https://conda.anaconda.org/conda-forge/win-64/vc-14.3-hcf57466_18.conda
  sha256: 447a8d8292a7b2107dcc18afb67f046824711a652725fc0f522c368e7a7b8318
  md5: 20e1e652a4c740fa719002a8449994a2
  depends:
  - vc14_runtime >=14.38.33130
  track_features:
  - vc14
  license: BSD-3-Clause
  license_family: BSD
  size: 16977
  timestamp: 1702511255313
- kind: conda
  name: vc14_runtime
  version: 14.38.33130
  build: h82b7239_18
  build_number: 18
  subdir: win-64
  url: https://conda.anaconda.org/conda-forge/win-64/vc14_runtime-14.38.33130-h82b7239_18.conda
  sha256: bf94c9af4b2e9cba88207001197e695934eadc96a5c5e4cd7597e950aae3d8ff
  md5: 8be79fdd2725ddf7bbf8a27a4c1f79ba
  depends:
  - ucrt >=10.0.20348.0
  constrains:
  - vs2015_runtime 14.38.33130.* *_18
  license: LicenseRef-ProprietaryMicrosoft
  license_family: Proprietary
  size: 749868
  timestamp: 1702511239004
- kind: conda
  name: vs2015_runtime
  version: 14.38.33130
  build: hcb4865c_18
  build_number: 18
  subdir: win-64
  url: https://conda.anaconda.org/conda-forge/win-64/vs2015_runtime-14.38.33130-hcb4865c_18.conda
  sha256: a2fec221f361d6263c117f4ea6d772b21c90a2f8edc6f3eb0eadec6bfe8843db
  md5: 10d42885e3ed84e575b454db30f1aa93
  depends:
  - vc14_runtime >=14.38.33130
  license: BSD-3-Clause
  license_family: BSD
  size: 16988
  timestamp: 1702511261442
- kind: conda
  name: watchfiles
  version: 0.21.0
  build: py312hfccd98a_0
  subdir: win-64
  url: https://conda.anaconda.org/conda-forge/win-64/watchfiles-0.21.0-py312hfccd98a_0.conda
  sha256: c1e02d24859ef77bf0ec05e2275e8c062ca6b1ac73a1c4e95b416199ad85eb8d
  md5: f404ed6b777a229ee02bfde9dde76fcd
  depends:
  - anyio >=3.0.0
  - python >=3.12,<3.13.0a0
  - python_abi 3.12.* *_cp312
  - ucrt >=10.0.20348.0
  - vc >=14.2,<15
  - vc14_runtime >=14.29.30139
  license: MIT
  license_family: MIT
  size: 287170
  timestamp: 1701079015458
- kind: conda
  name: websockets
  version: '12.0'
  build: py312he70551f_0
  subdir: win-64
  url: https://conda.anaconda.org/conda-forge/win-64/websockets-12.0-py312he70551f_0.conda
  sha256: aa51f9c14074b6602a0814c6ef51dffe6e8bf052f71a7ce4750249f3e6881cbe
  md5: 56cb8385219f027022509be41c36e931
  depends:
  - python >=3.12,<3.13.0a0
  - python_abi 3.12.* *_cp312
  - ucrt >=10.0.20348.0
  - vc >=14.2,<15
  - vc14_runtime >=14.29.30139
  license: BSD-3-Clause
  license_family: BSD
  size: 204600
  timestamp: 1697915472489
- kind: conda
  name: xz
  version: 5.2.6
  build: h8d14728_0
  subdir: win-64
  url: https://conda.anaconda.org/conda-forge/win-64/xz-5.2.6-h8d14728_0.tar.bz2
  sha256: 54d9778f75a02723784dc63aff4126ff6e6749ba21d11a6d03c1f4775f269fe0
  md5: 515d77642eaa3639413c6b1bc3f94219
  depends:
  - vc >=14.1,<15
  - vs2015_runtime >=14.16.27033
  license: LGPL-2.1 and GPL-2.0
  size: 217804
  timestamp: 1660346976440
- kind: conda
  name: yaml
  version: 0.2.5
  build: h8ffe710_2
  build_number: 2
  subdir: win-64
  url: https://conda.anaconda.org/conda-forge/win-64/yaml-0.2.5-h8ffe710_2.tar.bz2
  sha256: 4e2246383003acbad9682c7c63178e2e715ad0eb84f03a8df1fbfba455dfedc5
  md5: adbfb9f45d1004a26763652246a33764
  depends:
  - vc >=14.1,<15.0a0
  - vs2015_runtime >=14.16.27012
  license: MIT
  license_family: MIT
  size: 63274
  timestamp: 1641347623319
